// !$*UTF8*$!
{
	archiveVersion = 1;
	classes = {
	};
	objectVersion = 55;
	objects = {

/* Begin PBXBuildFile section */
		7194EA92274BEB1200A2CBFF /* AppDelegate.swift in Sources */ = {isa = PBXBuildFile; fileRef = 7194EA91274BEB1200A2CBFF /* AppDelegate.swift */; };
		7194EA94274BEB1200A2CBFF /* SceneDelegate.swift in Sources */ = {isa = PBXBuildFile; fileRef = 7194EA93274BEB1200A2CBFF /* SceneDelegate.swift */; };
		7194EA9B274BEB1700A2CBFF /* Assets.xcassets in Resources */ = {isa = PBXBuildFile; fileRef = 7194EA9A274BEB1700A2CBFF /* Assets.xcassets */; };
		7194EA9E274BEB1700A2CBFF /* LaunchScreen.storyboard in Resources */ = {isa = PBXBuildFile; fileRef = 7194EA9C274BEB1700A2CBFF /* LaunchScreen.storyboard */; };
		7194EAA9274BEE1700A2CBFF /* Coordinator.swift in Sources */ = {isa = PBXBuildFile; fileRef = 7194EAA8274BEE1700A2CBFF /* Coordinator.swift */; };
		7194EAAB274BEE2F00A2CBFF /* FlowController.swift in Sources */ = {isa = PBXBuildFile; fileRef = 7194EAAA274BEE2F00A2CBFF /* FlowController.swift */; };
		7194EAAE274BEEB600A2CBFF /* SnapKit in Frameworks */ = {isa = PBXBuildFile; productRef = 7194EAAD274BEEB600A2CBFF /* SnapKit */; };
		7194EAB0274BEEE600A2CBFF /* AppCoordinator.swift in Sources */ = {isa = PBXBuildFile; fileRef = 7194EAAF274BEEE600A2CBFF /* AppCoordinator.swift */; };
		7194EAB7274BF35200A2CBFF /* StartCoordinator.swift in Sources */ = {isa = PBXBuildFile; fileRef = 7194EAB6274BF35200A2CBFF /* StartCoordinator.swift */; };
		7194EABA274BF3E200A2CBFF /* AuthorizationViewController.swift in Sources */ = {isa = PBXBuildFile; fileRef = 7194EAB9274BF3E200A2CBFF /* AuthorizationViewController.swift */; };
		7194EABC274BF7B500A2CBFF /* StartViewController.swift in Sources */ = {isa = PBXBuildFile; fileRef = 7194EABB274BF7B500A2CBFF /* StartViewController.swift */; };
		7194EABF274BF92D00A2CBFF /* User.swift in Sources */ = {isa = PBXBuildFile; fileRef = 7194EABE274BF92D00A2CBFF /* User.swift */; };
		7194EAC4274BF99C00A2CBFF /* UIViewController+Extensions.swift in Sources */ = {isa = PBXBuildFile; fileRef = 7194EAC3274BF99C00A2CBFF /* UIViewController+Extensions.swift */; };
		7194EAC6274BFA7900A2CBFF /* LoginViewController.swift in Sources */ = {isa = PBXBuildFile; fileRef = 7194EAC5274BFA7900A2CBFF /* LoginViewController.swift */; };
		7194EAC8274BFAF200A2CBFF /* PasswordViewController.swift in Sources */ = {isa = PBXBuildFile; fileRef = 7194EAC7274BFAF200A2CBFF /* PasswordViewController.swift */; };
		7194EACE274BFBF300A2CBFF /* MainViewController.swift in Sources */ = {isa = PBXBuildFile; fileRef = 7194EACD274BFBF300A2CBFF /* MainViewController.swift */; };
		7194EAD0274BFC7200A2CBFF /* RegistrationCoordinator.swift in Sources */ = {isa = PBXBuildFile; fileRef = 7194EACF274BFC7200A2CBFF /* RegistrationCoordinator.swift */; };
		7194EAD3274BFDFD00A2CBFF /* UserService.swift in Sources */ = {isa = PBXBuildFile; fileRef = 7194EAD2274BFDFD00A2CBFF /* UserService.swift */; };
		7194EAD7274BFF4F00A2CBFF /* AuthorizationCoordinator.swift in Sources */ = {isa = PBXBuildFile; fileRef = 7194EAD6274BFF4F00A2CBFF /* AuthorizationCoordinator.swift */; };
		7194EAD9274C091300A2CBFF /* ActivityService.swift in Sources */ = {isa = PBXBuildFile; fileRef = 7194EAD8274C091300A2CBFF /* ActivityService.swift */; };
		7194EADB274C096B00A2CBFF /* Activity.swift in Sources */ = {isa = PBXBuildFile; fileRef = 7194EADA274C096B00A2CBFF /* Activity.swift */; };
		7194EADD274C0CC300A2CBFF /* MainCoordinator.swift in Sources */ = {isa = PBXBuildFile; fileRef = 7194EADC274C0CC300A2CBFF /* MainCoordinator.swift */; };
/* End PBXBuildFile section */

/* Begin PBXFileReference section */
		7194EA8E274BEB1200A2CBFF /* Test.app */ = {isa = PBXFileReference; explicitFileType = wrapper.application; includeInIndex = 0; path = Test.app; sourceTree = BUILT_PRODUCTS_DIR; };
		7194EA91274BEB1200A2CBFF /* AppDelegate.swift */ = {isa = PBXFileReference; lastKnownFileType = sourcecode.swift; path = AppDelegate.swift; sourceTree = "<group>"; };
		7194EA93274BEB1200A2CBFF /* SceneDelegate.swift */ = {isa = PBXFileReference; lastKnownFileType = sourcecode.swift; path = SceneDelegate.swift; sourceTree = "<group>"; };
		7194EA9A274BEB1700A2CBFF /* Assets.xcassets */ = {isa = PBXFileReference; lastKnownFileType = folder.assetcatalog; path = Assets.xcassets; sourceTree = "<group>"; };
		7194EA9D274BEB1700A2CBFF /* Base */ = {isa = PBXFileReference; lastKnownFileType = file.storyboard; name = Base; path = Base.lproj/LaunchScreen.storyboard; sourceTree = "<group>"; };
		7194EA9F274BEB1700A2CBFF /* Info.plist */ = {isa = PBXFileReference; lastKnownFileType = text.plist.xml; path = Info.plist; sourceTree = "<group>"; };
		7194EAA8274BEE1700A2CBFF /* Coordinator.swift */ = {isa = PBXFileReference; lastKnownFileType = sourcecode.swift; path = Coordinator.swift; sourceTree = "<group>"; };
		7194EAAA274BEE2F00A2CBFF /* FlowController.swift */ = {isa = PBXFileReference; lastKnownFileType = sourcecode.swift; path = FlowController.swift; sourceTree = "<group>"; };
		7194EAAF274BEEE600A2CBFF /* AppCoordinator.swift */ = {isa = PBXFileReference; lastKnownFileType = sourcecode.swift; path = AppCoordinator.swift; sourceTree = "<group>"; };
		7194EAB6274BF35200A2CBFF /* StartCoordinator.swift */ = {isa = PBXFileReference; lastKnownFileType = sourcecode.swift; path = StartCoordinator.swift; sourceTree = "<group>"; };
		7194EAB9274BF3E200A2CBFF /* AuthorizationViewController.swift */ = {isa = PBXFileReference; lastKnownFileType = sourcecode.swift; path = AuthorizationViewController.swift; sourceTree = "<group>"; };
		7194EABB274BF7B500A2CBFF /* StartViewController.swift */ = {isa = PBXFileReference; lastKnownFileType = sourcecode.swift; path = StartViewController.swift; sourceTree = "<group>"; };
		7194EABE274BF92D00A2CBFF /* User.swift */ = {isa = PBXFileReference; lastKnownFileType = sourcecode.swift; path = User.swift; sourceTree = "<group>"; };
		7194EAC3274BF99C00A2CBFF /* UIViewController+Extensions.swift */ = {isa = PBXFileReference; lastKnownFileType = sourcecode.swift; path = "UIViewController+Extensions.swift"; sourceTree = "<group>"; };
		7194EAC5274BFA7900A2CBFF /* LoginViewController.swift */ = {isa = PBXFileReference; lastKnownFileType = sourcecode.swift; path = LoginViewController.swift; sourceTree = "<group>"; };
		7194EAC7274BFAF200A2CBFF /* PasswordViewController.swift */ = {isa = PBXFileReference; lastKnownFileType = sourcecode.swift; path = PasswordViewController.swift; sourceTree = "<group>"; };
		7194EACD274BFBF300A2CBFF /* MainViewController.swift */ = {isa = PBXFileReference; lastKnownFileType = sourcecode.swift; path = MainViewController.swift; sourceTree = "<group>"; };
		7194EACF274BFC7200A2CBFF /* RegistrationCoordinator.swift */ = {isa = PBXFileReference; lastKnownFileType = sourcecode.swift; path = RegistrationCoordinator.swift; sourceTree = "<group>"; };
		7194EAD2274BFDFD00A2CBFF /* UserService.swift */ = {isa = PBXFileReference; lastKnownFileType = sourcecode.swift; path = UserService.swift; sourceTree = "<group>"; };
		7194EAD6274BFF4F00A2CBFF /* AuthorizationCoordinator.swift */ = {isa = PBXFileReference; lastKnownFileType = sourcecode.swift; path = AuthorizationCoordinator.swift; sourceTree = "<group>"; };
		7194EAD8274C091300A2CBFF /* ActivityService.swift */ = {isa = PBXFileReference; lastKnownFileType = sourcecode.swift; path = ActivityService.swift; sourceTree = "<group>"; };
		7194EADA274C096B00A2CBFF /* Activity.swift */ = {isa = PBXFileReference; lastKnownFileType = sourcecode.swift; path = Activity.swift; sourceTree = "<group>"; };
		7194EADC274C0CC300A2CBFF /* MainCoordinator.swift */ = {isa = PBXFileReference; lastKnownFileType = sourcecode.swift; path = MainCoordinator.swift; sourceTree = "<group>"; };
/* End PBXFileReference section */

/* Begin PBXFrameworksBuildPhase section */
		7194EA8B274BEB1200A2CBFF /* Frameworks */ = {
			isa = PBXFrameworksBuildPhase;
			buildActionMask = 2147483647;
			files = (
				7194EAAE274BEEB600A2CBFF /* SnapKit in Frameworks */,
			);
			runOnlyForDeploymentPostprocessing = 0;
		};
/* End PBXFrameworksBuildPhase section */

/* Begin PBXGroup section */
		7194EA85274BEB1200A2CBFF = {
			isa = PBXGroup;
			children = (
				7194EA90274BEB1200A2CBFF /* Test */,
				7194EA8F274BEB1200A2CBFF /* Products */,
			);
			sourceTree = "<group>";
		};
		7194EA8F274BEB1200A2CBFF /* Products */ = {
			isa = PBXGroup;
			children = (
				7194EA8E274BEB1200A2CBFF /* Test.app */,
			);
			name = Products;
			sourceTree = "<group>";
		};
		7194EA90274BEB1200A2CBFF /* Test */ = {
			isa = PBXGroup;
			children = (
				7194EA91274BEB1200A2CBFF /* AppDelegate.swift */,
				7194EA93274BEB1200A2CBFF /* SceneDelegate.swift */,
				7194EAA7274BEE0F00A2CBFF /* Base */,
				7194EAA6274BEDA300A2CBFF /* Coordinators */,
				7194EAB8274BF3CD00A2CBFF /* ViewControllers */,
				7194EABD274BF92200A2CBFF /* Models */,
				7194EAC2274BF98B00A2CBFF /* Extensions */,
				7194EAD1274BFDE900A2CBFF /* Services */,
				7194EAA5274BED6E00A2CBFF /* Resources */,
			);
			path = Test;
			sourceTree = "<group>";
		};
		7194EAA5274BED6E00A2CBFF /* Resources */ = {
			isa = PBXGroup;
			children = (
				7194EA9A274BEB1700A2CBFF /* Assets.xcassets */,
				7194EA9C274BEB1700A2CBFF /* LaunchScreen.storyboard */,
				7194EA9F274BEB1700A2CBFF /* Info.plist */,
			);
			path = Resources;
			sourceTree = "<group>";
		};
		7194EAA6274BEDA300A2CBFF /* Coordinators */ = {
			isa = PBXGroup;
			children = (
				7194EAAF274BEEE600A2CBFF /* AppCoordinator.swift */,
				7194EAB6274BF35200A2CBFF /* StartCoordinator.swift */,
				7194EAD6274BFF4F00A2CBFF /* AuthorizationCoordinator.swift */,
				7194EACF274BFC7200A2CBFF /* RegistrationCoordinator.swift */,
				7194EADC274C0CC300A2CBFF /* MainCoordinator.swift */,
			);
			path = Coordinators;
			sourceTree = "<group>";
		};
		7194EAA7274BEE0F00A2CBFF /* Base */ = {
			isa = PBXGroup;
			children = (
				7194EAA8274BEE1700A2CBFF /* Coordinator.swift */,
				7194EAAA274BEE2F00A2CBFF /* FlowController.swift */,
			);
			path = Base;
			sourceTree = "<group>";
		};
		7194EAB8274BF3CD00A2CBFF /* ViewControllers */ = {
			isa = PBXGroup;
			children = (
				7194EAC9274BFB5700A2CBFF /* Start */,
				7194EACB274BFB6A00A2CBFF /* Registration */,
				7194EACA274BFB5F00A2CBFF /* Authorization */,
				7194EACC274BFBBD00A2CBFF /* Main */,
			);
			path = ViewControllers;
			sourceTree = "<group>";
		};
		7194EABD274BF92200A2CBFF /* Models */ = {
			isa = PBXGroup;
			children = (
				7194EABE274BF92D00A2CBFF /* User.swift */,
				7194EADA274C096B00A2CBFF /* Activity.swift */,
			);
			path = Models;
			sourceTree = "<group>";
		};
		7194EAC2274BF98B00A2CBFF /* Extensions */ = {
			isa = PBXGroup;
			children = (
				7194EAC3274BF99C00A2CBFF /* UIViewController+Extensions.swift */,
			);
			path = Extensions;
			sourceTree = "<group>";
		};
		7194EAC9274BFB5700A2CBFF /* Start */ = {
			isa = PBXGroup;
			children = (
				7194EABB274BF7B500A2CBFF /* StartViewController.swift */,
			);
			path = Start;
			sourceTree = "<group>";
		};
		7194EACA274BFB5F00A2CBFF /* Authorization */ = {
			isa = PBXGroup;
			children = (
				7194EAB9274BF3E200A2CBFF /* AuthorizationViewController.swift */,
			);
			path = Authorization;
			sourceTree = "<group>";
		};
		7194EACB274BFB6A00A2CBFF /* Registration */ = {
			isa = PBXGroup;
			children = (
				7194EAC5274BFA7900A2CBFF /* LoginViewController.swift */,
				7194EAC7274BFAF200A2CBFF /* PasswordViewController.swift */,
			);
			path = Registration;
			sourceTree = "<group>";
		};
		7194EACC274BFBBD00A2CBFF /* Main */ = {
			isa = PBXGroup;
			children = (
				7194EACD274BFBF300A2CBFF /* MainViewController.swift */,
			);
			path = Main;
			sourceTree = "<group>";
		};
		7194EAD1274BFDE900A2CBFF /* Services */ = {
			isa = PBXGroup;
			children = (
				7194EAD2274BFDFD00A2CBFF /* UserService.swift */,
				7194EAD8274C091300A2CBFF /* ActivityService.swift */,
			);
			path = Services;
			sourceTree = "<group>";
		};
/* End PBXGroup section */

/* Begin PBXNativeTarget section */
		7194EA8D274BEB1200A2CBFF /* Test */ = {
			isa = PBXNativeTarget;
			buildConfigurationList = 7194EAA2274BEB1700A2CBFF /* Build configuration list for PBXNativeTarget "Test" */;
			buildPhases = (
				7194EA8A274BEB1200A2CBFF /* Sources */,
				7194EA8B274BEB1200A2CBFF /* Frameworks */,
				7194EA8C274BEB1200A2CBFF /* Resources */,
			);
			buildRules = (
			);
			dependencies = (
			);
			name = Test;
			packageProductDependencies = (
				7194EAAD274BEEB600A2CBFF /* SnapKit */,
			);
			productName = Test;
			productReference = 7194EA8E274BEB1200A2CBFF /* Test.app */;
			productType = "com.apple.product-type.application";
		};
/* End PBXNativeTarget section */

/* Begin PBXProject section */
		7194EA86274BEB1200A2CBFF /* Project object */ = {
			isa = PBXProject;
			attributes = {
				BuildIndependentTargetsInParallel = 1;
				LastSwiftUpdateCheck = 1310;
				LastUpgradeCheck = 1310;
				TargetAttributes = {
					7194EA8D274BEB1200A2CBFF = {
						CreatedOnToolsVersion = 13.1;
					};
				};
			};
			buildConfigurationList = 7194EA89274BEB1200A2CBFF /* Build configuration list for PBXProject "Test" */;
			compatibilityVersion = "Xcode 13.0";
			developmentRegion = en;
			hasScannedForEncodings = 0;
			knownRegions = (
				en,
				Base,
			);
			mainGroup = 7194EA85274BEB1200A2CBFF;
			packageReferences = (
				7194EAAC274BEEB600A2CBFF /* XCRemoteSwiftPackageReference "SnapKit" */,
			);
			productRefGroup = 7194EA8F274BEB1200A2CBFF /* Products */;
			projectDirPath = "";
			projectRoot = "";
			targets = (
				7194EA8D274BEB1200A2CBFF /* Test */,
			);
		};
/* End PBXProject section */

/* Begin PBXResourcesBuildPhase section */
		7194EA8C274BEB1200A2CBFF /* Resources */ = {
			isa = PBXResourcesBuildPhase;
			buildActionMask = 2147483647;
			files = (
				7194EA9E274BEB1700A2CBFF /* LaunchScreen.storyboard in Resources */,
				7194EA9B274BEB1700A2CBFF /* Assets.xcassets in Resources */,
			);
			runOnlyForDeploymentPostprocessing = 0;
		};
/* End PBXResourcesBuildPhase section */

/* Begin PBXSourcesBuildPhase section */
		7194EA8A274BEB1200A2CBFF /* Sources */ = {
			isa = PBXSourcesBuildPhase;
			buildActionMask = 2147483647;
			files = (
				7194EAB0274BEEE600A2CBFF /* AppCoordinator.swift in Sources */,
				7194EAA9274BEE1700A2CBFF /* Coordinator.swift in Sources */,
				7194EA92274BEB1200A2CBFF /* AppDelegate.swift in Sources */,
				7194EAC6274BFA7900A2CBFF /* LoginViewController.swift in Sources */,
				7194EAD9274C091300A2CBFF /* ActivityService.swift in Sources */,
				7194EAC4274BF99C00A2CBFF /* UIViewController+Extensions.swift in Sources */,
				7194EADB274C096B00A2CBFF /* Activity.swift in Sources */,
				7194EAD3274BFDFD00A2CBFF /* UserService.swift in Sources */,
				7194EAAB274BEE2F00A2CBFF /* FlowController.swift in Sources */,
				7194EABC274BF7B500A2CBFF /* StartViewController.swift in Sources */,
				7194EAC8274BFAF200A2CBFF /* PasswordViewController.swift in Sources */,
				7194EADD274C0CC300A2CBFF /* MainCoordinator.swift in Sources */,
				7194EAD7274BFF4F00A2CBFF /* AuthorizationCoordinator.swift in Sources */,
				7194EACE274BFBF300A2CBFF /* MainViewController.swift in Sources */,
				7194EABA274BF3E200A2CBFF /* AuthorizationViewController.swift in Sources */,
				7194EA94274BEB1200A2CBFF /* SceneDelegate.swift in Sources */,
				7194EAB7274BF35200A2CBFF /* StartCoordinator.swift in Sources */,
				7194EAD0274BFC7200A2CBFF /* RegistrationCoordinator.swift in Sources */,
				7194EABF274BF92D00A2CBFF /* User.swift in Sources */,
			);
			runOnlyForDeploymentPostprocessing = 0;
		};
/* End PBXSourcesBuildPhase section */

/* Begin PBXVariantGroup section */
		7194EA9C274BEB1700A2CBFF /* LaunchScreen.storyboard */ = {
			isa = PBXVariantGroup;
			children = (
				7194EA9D274BEB1700A2CBFF /* Base */,
			);
			name = LaunchScreen.storyboard;
			sourceTree = "<group>";
		};
/* End PBXVariantGroup section */

/* Begin XCBuildConfiguration section */
		7194EAA0274BEB1700A2CBFF /* Debug */ = {
			isa = XCBuildConfiguration;
			buildSettings = {
				ALWAYS_SEARCH_USER_PATHS = NO;
				CLANG_ANALYZER_NONNULL = YES;
				CLANG_ANALYZER_NUMBER_OBJECT_CONVERSION = YES_AGGRESSIVE;
				CLANG_CXX_LANGUAGE_STANDARD = "gnu++17";
				CLANG_CXX_LIBRARY = "libc++";
				CLANG_ENABLE_MODULES = YES;
				CLANG_ENABLE_OBJC_ARC = YES;
				CLANG_ENABLE_OBJC_WEAK = YES;
				CLANG_WARN_BLOCK_CAPTURE_AUTORELEASING = YES;
				CLANG_WARN_BOOL_CONVERSION = YES;
				CLANG_WARN_COMMA = YES;
				CLANG_WARN_CONSTANT_CONVERSION = YES;
				CLANG_WARN_DEPRECATED_OBJC_IMPLEMENTATIONS = YES;
				CLANG_WARN_DIRECT_OBJC_ISA_USAGE = YES_ERROR;
				CLANG_WARN_DOCUMENTATION_COMMENTS = YES;
				CLANG_WARN_EMPTY_BODY = YES;
				CLANG_WARN_ENUM_CONVERSION = YES;
				CLANG_WARN_INFINITE_RECURSION = YES;
				CLANG_WARN_INT_CONVERSION = YES;
				CLANG_WARN_NON_LITERAL_NULL_CONVERSION = YES;
				CLANG_WARN_OBJC_IMPLICIT_RETAIN_SELF = YES;
				CLANG_WARN_OBJC_LITERAL_CONVERSION = YES;
				CLANG_WARN_OBJC_ROOT_CLASS = YES_ERROR;
				CLANG_WARN_QUOTED_INCLUDE_IN_FRAMEWORK_HEADER = YES;
				CLANG_WARN_RANGE_LOOP_ANALYSIS = YES;
				CLANG_WARN_STRICT_PROTOTYPES = YES;
				CLANG_WARN_SUSPICIOUS_MOVE = YES;
				CLANG_WARN_UNGUARDED_AVAILABILITY = YES_AGGRESSIVE;
				CLANG_WARN_UNREACHABLE_CODE = YES;
				CLANG_WARN__DUPLICATE_METHOD_MATCH = YES;
				COPY_PHASE_STRIP = NO;
				DEBUG_INFORMATION_FORMAT = dwarf;
				ENABLE_STRICT_OBJC_MSGSEND = YES;
				ENABLE_TESTABILITY = YES;
				GCC_C_LANGUAGE_STANDARD = gnu11;
				GCC_DYNAMIC_NO_PIC = NO;
				GCC_NO_COMMON_BLOCKS = YES;
				GCC_OPTIMIZATION_LEVEL = 0;
				GCC_PREPROCESSOR_DEFINITIONS = (
					"DEBUG=1",
					"$(inherited)",
				);
				GCC_WARN_64_TO_32_BIT_CONVERSION = YES;
				GCC_WARN_ABOUT_RETURN_TYPE = YES_ERROR;
				GCC_WARN_UNDECLARED_SELECTOR = YES;
				GCC_WARN_UNINITIALIZED_AUTOS = YES_AGGRESSIVE;
				GCC_WARN_UNUSED_FUNCTION = YES;
				GCC_WARN_UNUSED_VARIABLE = YES;
				IPHONEOS_DEPLOYMENT_TARGET = 15.0;
				MTL_ENABLE_DEBUG_INFO = INCLUDE_SOURCE;
				MTL_FAST_MATH = YES;
				ONLY_ACTIVE_ARCH = YES;
				SDKROOT = iphoneos;
				SWIFT_ACTIVE_COMPILATION_CONDITIONS = DEBUG;
				SWIFT_OPTIMIZATION_LEVEL = "-Onone";
			};
			name = Debug;
		};
		7194EAA1274BEB1700A2CBFF /* Release */ = {
			isa = XCBuildConfiguration;
			buildSettings = {
				ALWAYS_SEARCH_USER_PATHS = NO;
				CLANG_ANALYZER_NONNULL = YES;
				CLANG_ANALYZER_NUMBER_OBJECT_CONVERSION = YES_AGGRESSIVE;
				CLANG_CXX_LANGUAGE_STANDARD = "gnu++17";
				CLANG_CXX_LIBRARY = "libc++";
				CLANG_ENABLE_MODULES = YES;
				CLANG_ENABLE_OBJC_ARC = YES;
				CLANG_ENABLE_OBJC_WEAK = YES;
				CLANG_WARN_BLOCK_CAPTURE_AUTORELEASING = YES;
				CLANG_WARN_BOOL_CONVERSION = YES;
				CLANG_WARN_COMMA = YES;
				CLANG_WARN_CONSTANT_CONVERSION = YES;
				CLANG_WARN_DEPRECATED_OBJC_IMPLEMENTATIONS = YES;
				CLANG_WARN_DIRECT_OBJC_ISA_USAGE = YES_ERROR;
				CLANG_WARN_DOCUMENTATION_COMMENTS = YES;
				CLANG_WARN_EMPTY_BODY = YES;
				CLANG_WARN_ENUM_CONVERSION = YES;
				CLANG_WARN_INFINITE_RECURSION = YES;
				CLANG_WARN_INT_CONVERSION = YES;
				CLANG_WARN_NON_LITERAL_NULL_CONVERSION = YES;
				CLANG_WARN_OBJC_IMPLICIT_RETAIN_SELF = YES;
				CLANG_WARN_OBJC_LITERAL_CONVERSION = YES;
				CLANG_WARN_OBJC_ROOT_CLASS = YES_ERROR;
				CLANG_WARN_QUOTED_INCLUDE_IN_FRAMEWORK_HEADER = YES;
				CLANG_WARN_RANGE_LOOP_ANALYSIS = YES;
				CLANG_WARN_STRICT_PROTOTYPES = YES;
				CLANG_WARN_SUSPICIOUS_MOVE = YES;
				CLANG_WARN_UNGUARDED_AVAILABILITY = YES_AGGRESSIVE;
				CLANG_WARN_UNREACHABLE_CODE = YES;
				CLANG_WARN__DUPLICATE_METHOD_MATCH = YES;
				COPY_PHASE_STRIP = NO;
				DEBUG_INFORMATION_FORMAT = "dwarf-with-dsym";
				ENABLE_NS_ASSERTIONS = NO;
				ENABLE_STRICT_OBJC_MSGSEND = YES;
				GCC_C_LANGUAGE_STANDARD = gnu11;
				GCC_NO_COMMON_BLOCKS = YES;
				GCC_WARN_64_TO_32_BIT_CONVERSION = YES;
				GCC_WARN_ABOUT_RETURN_TYPE = YES_ERROR;
				GCC_WARN_UNDECLARED_SELECTOR = YES;
				GCC_WARN_UNINITIALIZED_AUTOS = YES_AGGRESSIVE;
				GCC_WARN_UNUSED_FUNCTION = YES;
				GCC_WARN_UNUSED_VARIABLE = YES;
				IPHONEOS_DEPLOYMENT_TARGET = 15.0;
				MTL_ENABLE_DEBUG_INFO = NO;
				MTL_FAST_MATH = YES;
				SDKROOT = iphoneos;
				SWIFT_COMPILATION_MODE = wholemodule;
				SWIFT_OPTIMIZATION_LEVEL = "-O";
				VALIDATE_PRODUCT = YES;
			};
			name = Release;
		};
		7194EAA3274BEB1700A2CBFF /* Debug */ = {
			isa = XCBuildConfiguration;
			buildSettings = {
				ASSETCATALOG_COMPILER_APPICON_NAME = AppIcon;
				ASSETCATALOG_COMPILER_GLOBAL_ACCENT_COLOR_NAME = AccentColor;
				CODE_SIGN_STYLE = Automatic;
				CURRENT_PROJECT_VERSION = 1;
				GENERATE_INFOPLIST_FILE = YES;
				INFOPLIST_FILE = Test/Resources/Info.plist;
				INFOPLIST_KEY_UIApplicationSupportsIndirectInputEvents = YES;
				INFOPLIST_KEY_UILaunchStoryboardName = LaunchScreen;
				INFOPLIST_KEY_UISupportedInterfaceOrientations_iPad = "UIInterfaceOrientationPortrait UIInterfaceOrientationPortraitUpsideDown UIInterfaceOrientationLandscapeLeft UIInterfaceOrientationLandscapeRight";
				INFOPLIST_KEY_UISupportedInterfaceOrientations_iPhone = "UIInterfaceOrientationPortrait UIInterfaceOrientationLandscapeLeft UIInterfaceOrientationLandscapeRight";
				LD_RUNPATH_SEARCH_PATHS = (
					"$(inherited)",
					"@executable_path/Frameworks",
				);
				MARKETING_VERSION = 1.0;
				PRODUCT_BUNDLE_IDENTIFIER = robertmukhtarov.Test;
				PRODUCT_NAME = "$(TARGET_NAME)";
				SWIFT_EMIT_LOC_STRINGS = YES;
				SWIFT_VERSION = 5.0;
				TARGETED_DEVICE_FAMILY = "1,2";
			};
			name = Debug;
		};
		7194EAA4274BEB1700A2CBFF /* Release */ = {
			isa = XCBuildConfiguration;
			buildSettings = {
				ASSETCATALOG_COMPILER_APPICON_NAME = AppIcon;
				ASSETCATALOG_COMPILER_GLOBAL_ACCENT_COLOR_NAME = AccentColor;
				CODE_SIGN_STYLE = Automatic;
				CURRENT_PROJECT_VERSION = 1;
				GENERATE_INFOPLIST_FILE = YES;
				INFOPLIST_FILE = Test/Resources/Info.plist;
				INFOPLIST_KEY_UIApplicationSupportsIndirectInputEvents = YES;
				INFOPLIST_KEY_UILaunchStoryboardName = LaunchScreen;
				INFOPLIST_KEY_UISupportedInterfaceOrientations_iPad = "UIInterfaceOrientationPortrait UIInterfaceOrientationPortraitUpsideDown UIInterfaceOrientationLandscapeLeft UIInterfaceOrientationLandscapeRight";
				INFOPLIST_KEY_UISupportedInterfaceOrientations_iPhone = "UIInterfaceOrientationPortrait UIInterfaceOrientationLandscapeLeft UIInterfaceOrientationLandscapeRight";
				LD_RUNPATH_SEARCH_PATHS = (
					"$(inherited)",
					"@executable_path/Frameworks",
				);
				MARKETING_VERSION = 1.0;
				PRODUCT_BUNDLE_IDENTIFIER = robertmukhtarov.Test;
				PRODUCT_NAME = "$(TARGET_NAME)";
				SWIFT_EMIT_LOC_STRINGS = YES;
				SWIFT_VERSION = 5.0;
				TARGETED_DEVICE_FAMILY = "1,2";
			};
			name = Release;
		};
/* End XCBuildConfiguration section */

/* Begin XCConfigurationList section */
		7194EA89274BEB1200A2CBFF /* Build configuration list for PBXProject "Test" */ = {
			isa = XCConfigurationList;
			buildConfigurations = (
				7194EAA0274BEB1700A2CBFF /* Debug */,
				7194EAA1274BEB1700A2CBFF /* Release */,
			);
			defaultConfigurationIsVisible = 0;
			defaultConfigurationName = Release;
		};
		7194EAA2274BEB1700A2CBFF /* Build configuration list for PBXNativeTarget "Test" */ = {
			isa = XCConfigurationList;
			buildConfigurations = (
				7194EAA3274BEB1700A2CBFF /* Debug */,
				7194EAA4274BEB1700A2CBFF /* Release */,
			);
			defaultConfigurationIsVisible = 0;
			defaultConfigurationName = Release;
		};
/* End XCConfigurationList section */

/* Begin XCRemoteSwiftPackageReference section */
		7194EAAC274BEEB600A2CBFF /* XCRemoteSwiftPackageReference "SnapKit" */ = {
			isa = XCRemoteSwiftPackageReference;
			repositoryURL = "https://github.com/SnapKit/SnapKit.git";
			requirement = {
				kind = upToNextMajorVersion;
				minimumVersion = 5.0.1;
			};
		};
/* End XCRemoteSwiftPackageReference section */

/* Begin XCSwiftPackageProductDependency section */
		7194EAAD274BEEB600A2CBFF /* SnapKit */ = {
			isa = XCSwiftPackageProductDependency;
			package = 7194EAAC274BEEB600A2CBFF /* XCRemoteSwiftPackageReference "SnapKit" */;
			productName = SnapKit;
		};
/* End XCSwiftPackageProductDependency section */
	};
	rootObject = 7194EA86274BEB1200A2CBFF /* Project object */;
}
